getLocalToSceneTransform
getLocalToParentTransform
getCacheHint
getControlCssMetaData
getClassCssMetaData
getCssMetaData
getChildren
getLayoutBounds
getFont
getSkin
getParent
getProperties
getScene
getEffectiveNodeOrientation
getLayoutBounds
getStyle
getLocalToSceneTransform
getLocalToParentTransform
getInputMethodRequests
getClassCssMetaData
getPseudoClassStates
getAccessibleRoleDescription
getBaselineOffset
getClip
getCacheHint
getBlendMode
getStyleClass
getEffect
getCursor
getDepthTest
getUserData
getBoundsInLocal
getBoundsInParent
getContentBias
getNodeOrientation
getRotationAxis
getAccessibleText
getAccessibleHelp
getAccessibleRole
getEventDispatcher
getStyleableParent
getTypeSelector
getClass
getStyleableNode
toString
contains
contains
resize
lookup
setId
localToScreen
localToScreen
localToScreen
localToScreen
localToScreen
intersects
intersects
setInputMethodRequests
toFront
setOpacity
setVisible
toBack
requestFocus
setCursor
disableProperty
setDisable
visibleProperty
idProperty
onKeyTypedProperty
onDragExitedProperty
onDragDroppedProperty
onDragEnteredProperty
boundsInParentProperty
boundsInLocalProperty
computeAreaInScreen
layoutBoundsProperty
effectiveNodeOrientationProperty
pickOnBoundsProperty
queryAccessibleAttribute
lookupAll
autosize
parentToLocal
parentToLocal
parentToLocal
parentToLocal
parentToLocal
setAccessibleRole
setStyle
setBlendMode
setClip
effectProperty
setUserData
parentProperty
styleProperty
blendModeProperty
hasProperties
opacityProperty
setEffect
clipProperty
cursorProperty
setCache
cacheProperty
cacheHintProperty
depthTestProperty
setViewOrder
setCacheHint
sceneProperty
setOnDragExited
setOnDragEntered
startFullDrag
snapshot
snapshot
setLayoutX
setOnDragOver
onDragOverProperty
setOnDragDropped
setManaged
startDragAndDrop
managedProperty
layoutXProperty
setLayoutY
setPickOnBounds
disabledProperty
setOnDragDone
resizeRelocate
localToScene
localToScene
localToScene
localToScene
localToScene
localToScene
localToScene
localToScene
localToScene
localToScene
relocate
onDragDoneProperty
layoutYProperty
scaleZProperty
setTranslateY
sceneToLocal
sceneToLocal
sceneToLocal
sceneToLocal
sceneToLocal
sceneToLocal
sceneToLocal
sceneToLocal
localToParent
localToParent
localToParent
localToParent
localToParent
screenToLocal
screenToLocal
screenToLocal
setTranslateX
translateYProperty
setTranslateZ
translateZProperty
setScaleY
setScaleZ
setRotate
setScaleX
scaleXProperty
rotateProperty
setRotationAxis
setNodeOrientation
translateXProperty
viewOrderProperty
scaleYProperty
setOnScrollStarted
setOnMouseClicked
setOnZoom
hoverProperty
setOnMouseExited
setOnSwipeDown
usesMirroring
setOnZoomFinished
setOnTouchPressed
setOnTouchMoved
setOnMouseMoved
setOnTouchReleased
pressedProperty
setOnMouseDragOver
onSwipeUpProperty
setOnMousePressed
setOnDragDetected
setOnScroll
setOnRotate
setOnZoomStarted
onZoomProperty
setOnKeyPressed
setOnKeyReleased
setOnKeyTyped
setOnSwipeLeft
setOnMouseEntered
onScrollProperty
setOnSwipeRight
setOnSwipeUp
setOnMouseDragged
setOnMouseReleased
onRotateProperty
setDepthTest
onMouseDragOverProperty
onRotationFinishedProperty
onZoomStartedProperty
onSwipeLeftProperty
onMouseReleasedProperty
onScrollStartedProperty
setOnMouseDragEntered
setOnContextMenuRequested
onSwipeRightProperty
onTouchPressedProperty
onTouchReleasedProperty
setOnTouchStationary
setOnMouseDragReleased
setOnRotationStarted
onDragDetectedProperty
onMouseDraggedProperty
setOnMouseDragExited
localToParentTransformProperty
onTouchMovedProperty
onTouchStationaryProperty
rotationAxisProperty
nodeOrientationProperty
onMouseEnteredProperty
onMouseExitedProperty
onMouseDragEnteredProperty
setOnScrollFinished
onMouseDragReleasedProperty
onMouseMovedProperty
mouseTransparentProperty
onRotationStartedProperty
onContextMenuRequestedProperty
setOnRotationFinished
onScrollFinishedProperty
onZoomFinishedProperty
onMouseDragExitedProperty
onMouseClickedProperty
onSwipeDownProperty
localToSceneTransformProperty
setMouseTransparent
onMousePressedProperty
buildEventDispatchChain
accessibleRoleProperty
setAccessibleRoleDescription
accessibleRoleDescriptionProperty
pseudoClassStateChanged
executeAccessibleAction
onKeyReleasedProperty
accessibleTextProperty
notifyAccessibleAttributeChanged
inputMethodRequestsProperty
setFocusTraversable
accessibleHelpProperty
onKeyPressedProperty
onInputMethodTextChangedProperty
focusTraversableProperty
eventDispatcherProperty
setOnInputMethodTextChanged
removeEventFilter
addEventFilter
setAccessibleHelp
setEventDispatcher
addEventHandler
setAccessibleText
focusedProperty
removeEventHandler
fireEvent
applyCss
wait
wait
wait
equals
hashCode
notify
notifyAll